
Microsoft Visual Studio Solution File, Format Version 12.00
# Visual Studio 15
VisualStudioVersion = 15.0.28307.539
MinimumVisualStudioVersion = 10.0.40219.1
Project("{8BC9CEB8-8B4A-11D0-8D11-00A0C91BC942}") = "open_image", "open_image\open_image.vcxproj", "{A8741B6E-016B-42CC-A46A-C8786CDA5281}"
EndProject
Global
	GlobalSection(SolutionConfigurationPlatforms) = preSolution
		Debug|x64 = Debug|x64
		Debug|x86 = Debug|x86
		Release|x64 = Release|x64
		Release|x86 = Release|x86
	EndGlobalSection
	GlobalSection(ProjectConfigurationPlatforms) = postSolution
		{A8741B6E-016B-42CC-A46A-C8786CDA5281}.Debug|x64.ActiveCfg = Debug|x64
		{A8741B6E-016B-42CC-A46A-C8786CDA5281}.Debug|x64.Build.0 = Debug|x64
		{A8741B6E-016B-42CC-A46A-C8786CDA5281}.Debug|x86.ActiveCfg = Debug|Win32
		{A8741B6E-016B-42CC-A46A-C8786CDA5281}.Debug|x86.Build.0 = Debug|Win32
		{A8741B6E-016B-42CC-A46A-C8786CDA5281}.Release|x64.ActiveCfg = Release|x64
		{A8741B6E-016B-42CC-A46A-C8786CDA5281}.Release|x64.Build.0 = Release|x64
		{A8741B6E-016B-42CC-A46A-C8786CDA5281}.Release|x86.ActiveCfg = Release|Win32
		{A8741B6E-016B-42CC-A46A-C8786CDA5281}.Release|x86.Build.0 = Release|Win32
	EndGlobalSection
	GlobalSection(SolutionProperties) = preSolution
		HideSolutionNode = FALSE
	EndGlobalSection
	GlobalSection(ExtensibilityGlobals) = postSolution
		SolutionGuid = {0B0D1B61-3A57-4BB8-A0B1-BB0E058C6899}
	EndGlobalSection
EndGlobal
